
Microsoft Visual Studio Solution File, Format Version 12.00
# Visual Studio 2013
VisualStudioVersion = 12.0.31101.0
MinimumVisualStudioVersion = 10.0.40219.1
Project("{E24C65DC-7377-472B-9ABA-BC803B73C61A}") = "StereoSketcher", "http://localhost:53692", "{FB1F4FB4-9566-4E5C-B694-2F56269D11C6}"
	ProjectSection(WebsiteProperties) = preProject
		UseIISExpress = "true"
		TargetFrameworkMoniker = ".NETFramework,Version%3Dv2.0"
		Debug.AspNetCompiler.VirtualPath = "/localhost_53692"
		Debug.AspNetCompiler.PhysicalPath = "StereoSketcher\"
		Debug.AspNetCompiler.TargetPath = "PrecompiledWeb\localhost_53692\"
		Debug.AspNetCompiler.Updateable = "true"
		Debug.AspNetCompiler.ForceOverwrite = "true"
		Debug.AspNetCompiler.FixedNames = "false"
		Debug.AspNetCompiler.Debug = "True"
		Release.AspNetCompiler.VirtualPath = "/localhost_53692"
		Release.AspNetCompiler.PhysicalPath = "StereoSketcher\"
		Release.AspNetCompiler.TargetPath = "PrecompiledWeb\localhost_53692\"
		Release.AspNetCompiler.Updateable = "true"
		Release.AspNetCompiler.ForceOverwrite = "true"
		Release.AspNetCompiler.FixedNames = "false"
		Release.AspNetCompiler.Debug = "False"
		SlnRelativePath = "C:\Users\Kevin\StereoSketcher\js\StereoSketcher\StereoSketcher\"
	EndProjectSection
EndProject
Global
	GlobalSection(SolutionConfigurationPlatforms) = preSolution
		Debug|Any CPU = Debug|Any CPU
	EndGlobalSection
	GlobalSection(ProjectConfigurationPlatforms) = postSolution
		{FB1F4FB4-9566-4E5C-B694-2F56269D11C6}.Debug|Any CPU.ActiveCfg = Debug|Any CPU
		{FB1F4FB4-9566-4E5C-B694-2F56269D11C6}.Debug|Any CPU.Build.0 = Debug|Any CPU
	EndGlobalSection
	GlobalSection(SolutionProperties) = preSolution
		HideSolutionNode = FALSE
	EndGlobalSection
EndGlobal
